
Microsoft Visual Studio Solution File, Format Version 12.00
# Visual Studio Version 17
VisualStudioVersion = 17.10.35013.160
MinimumVisualStudioVersion = 10.0.40219.1
Project("{FAE04EC0-301F-11D3-BF4B-00C04F79EFBC}") = "MyFirstGit", "MyFirstGit.csproj", "{50FB92AB-B028-4055-B71E-A37968B6B773}"
EndProject
Global
	GlobalSection(SolutionConfigurationPlatforms) = preSolution
		Debug|Any CPU = Debug|Any CPU
		Release|Any CPU = Release|Any CPU
	EndGlobalSection
	GlobalSection(ProjectConfigurationPlatforms) = postSolution
		{50FB92AB-B028-4055-B71E-A37968B6B773}.Debug|Any CPU.ActiveCfg = Debug|Any CPU
		{50FB92AB-B028-4055-B71E-A37968B6B773}.Debug|Any CPU.Build.0 = Debug|Any CPU
		{50FB92AB-B028-4055-B71E-A37968B6B773}.Release|Any CPU.ActiveCfg = Release|Any CPU
		{50FB92AB-B028-4055-B71E-A37968B6B773}.Release|Any CPU.Build.0 = Release|Any CPU
	EndGlobalSection
	GlobalSection(SolutionProperties) = preSolution
		HideSolutionNode = FALSE
	EndGlobalSection
	GlobalSection(ExtensibilityGlobals) = postSolution
		SolutionGuid = {6798F0E3-5E46-488D-9B2C-6E03D7356B1D}
	EndGlobalSection
EndGlobal
